
Microsoft Visual Studio Solution File, Format Version 12.00
# Visual Studio Version 16
VisualStudioVersion = 16.0.29009.5
MinimumVisualStudioVersion = 10.0.40219.1
Project("{FAE04EC0-301F-11D3-BF4B-00C04F79EFBC}") = "Ex1", "Ex1\Ex1.csproj", "{2016397B-E2F1-42BE-A549-824B38B87D9D}"
EndProject
Global
	GlobalSection(SolutionConfigurationPlatforms) = preSolution
		Debug|Any CPU = Debug|Any CPU
		Release|Any CPU = Release|Any CPU
	EndGlobalSection
	GlobalSection(ProjectConfigurationPlatforms) = postSolution
		{2016397B-E2F1-42BE-A549-824B38B87D9D}.Debug|Any CPU.ActiveCfg = Debug|Any CPU
		{2016397B-E2F1-42BE-A549-824B38B87D9D}.Debug|Any CPU.Build.0 = Debug|Any CPU
		{2016397B-E2F1-42BE-A549-824B38B87D9D}.Release|Any CPU.ActiveCfg = Release|Any CPU
		{2016397B-E2F1-42BE-A549-824B38B87D9D}.Release|Any CPU.Build.0 = Release|Any CPU
	EndGlobalSection
	GlobalSection(SolutionProperties) = preSolution
		HideSolutionNode = FALSE
	EndGlobalSection
	GlobalSection(ExtensibilityGlobals) = postSolution
		SolutionGuid = {690FBC08-FCD8-4275-B6B4-ED3C2388D6B6}
	EndGlobalSection
EndGlobal
